
Microsoft Visual Studio Solution File, Format Version 12.00
# Visual Studio Version 17
VisualStudioVersion = 17.14.36915.13 d17.14
MinimumVisualStudioVersion = 10.0.40219.1
Project("{FAE04EC0-301F-11D3-BF4B-00C04F79EFBC}") = "SistemaRecetas", "SistemaRecetas.csproj", "{3C78CCEF-A3D6-4352-8DD7-2B99C4B4A9B7}"
EndProject
Project("{FAE04EC0-301F-11D3-BF4B-00C04F79EFBC}") = "SistemaGestionRecetas.Tests", "..\SistemaRecetas.Test\SistemaGestionRecetas.Tests.csproj", "{4A13C8ED-1E73-461C-B970-5AF535136A8D}"
EndProject
Global
	GlobalSection(SolutionConfigurationPlatforms) = preSolution
		Debug|Any CPU = Debug|Any CPU
		Release|Any CPU = Release|Any CPU
	EndGlobalSection
	GlobalSection(ProjectConfigurationPlatforms) = postSolution
		{3C78CCEF-A3D6-4352-8DD7-2B99C4B4A9B7}.Debug|Any CPU.ActiveCfg = Debug|Any CPU
		{3C78CCEF-A3D6-4352-8DD7-2B99C4B4A9B7}.Debug|Any CPU.Build.0 = Debug|Any CPU
		{3C78CCEF-A3D6-4352-8DD7-2B99C4B4A9B7}.Release|Any CPU.ActiveCfg = Release|Any CPU
		{3C78CCEF-A3D6-4352-8DD7-2B99C4B4A9B7}.Release|Any CPU.Build.0 = Release|Any CPU
		{4A13C8ED-1E73-461C-B970-5AF535136A8D}.Debug|Any CPU.ActiveCfg = Debug|Any CPU
		{4A13C8ED-1E73-461C-B970-5AF535136A8D}.Debug|Any CPU.Build.0 = Debug|Any CPU
		{4A13C8ED-1E73-461C-B970-5AF535136A8D}.Release|Any CPU.ActiveCfg = Release|Any CPU
		{4A13C8ED-1E73-461C-B970-5AF535136A8D}.Release|Any CPU.Build.0 = Release|Any CPU
	EndGlobalSection
	GlobalSection(SolutionProperties) = preSolution
		HideSolutionNode = FALSE
	EndGlobalSection
	GlobalSection(ExtensibilityGlobals) = postSolution
		SolutionGuid = {4DE970A6-69B5-447E-8DEF-B7FA00C8328C}
	EndGlobalSection
EndGlobal
